
Microsoft Visual Studio Solution File, Format Version 12.00
# Visual Studio 14
VisualStudioVersion = 14.0.23107.0
MinimumVisualStudioVersion = 10.0.40219.1
Project("{FAE04EC0-301F-11D3-BF4B-00C04F79EFBC}") = "Hanoi", "Hanoi\Hanoi.csproj", "{EB686D2E-0FE3-4720-96AC-59646FBD1B43}"
EndProject
Global
	GlobalSection(SolutionConfigurationPlatforms) = preSolution
		Debug|Any CPU = Debug|Any CPU
		Release|Any CPU = Release|Any CPU
	EndGlobalSection
	GlobalSection(ProjectConfigurationPlatforms) = postSolution
		{EB686D2E-0FE3-4720-96AC-59646FBD1B43}.Debug|Any CPU.ActiveCfg = Debug|Any CPU
		{EB686D2E-0FE3-4720-96AC-59646FBD1B43}.Debug|Any CPU.Build.0 = Debug|Any CPU
		{EB686D2E-0FE3-4720-96AC-59646FBD1B43}.Release|Any CPU.ActiveCfg = Release|Any CPU
		{EB686D2E-0FE3-4720-96AC-59646FBD1B43}.Release|Any CPU.Build.0 = Release|Any CPU
	EndGlobalSection
	GlobalSection(SolutionProperties) = preSolution
		HideSolutionNode = FALSE
	EndGlobalSection
EndGlobal
